
Microsoft Visual Studio Solution File, Format Version 12.00
# Visual Studio 14
VisualStudioVersion = 14.0.25420.1
MinimumVisualStudioVersion = 10.0.40219.1
Project("{FAE04EC0-301F-11D3-BF4B-00C04F79EFBC}") = "Dominio", "Dominio\Dominio.csproj", "{B5F5B014-327B-4A7C-8B7A-B42A9D056481}"
EndProject
Project("{FAE04EC0-301F-11D3-BF4B-00C04F79EFBC}") = "Utilitarios", "Utilitarios\Utilitarios.csproj", "{026021DB-7469-494B-90F7-3E9DD0EF01CB}"
EndProject
Project("{FAE04EC0-301F-11D3-BF4B-00C04F79EFBC}") = "Dados", "Dados\Dados.csproj", "{8B8BE180-582A-452C-BD45-CECB724BEFD1}"
EndProject
Project("{FAE04EC0-301F-11D3-BF4B-00C04F79EFBC}") = "Negocios", "Negocios\Negocios.csproj", "{3042DCBF-EBCF-4139-A561-26BBD5584FB8}"
EndProject
Project("{FAE04EC0-301F-11D3-BF4B-00C04F79EFBC}") = "Validacoes", "Validacoes\Validacoes.csproj", "{DCA6BFAA-7D93-4F67-842B-55693A4EB1D0}"
EndProject
Project("{FAE04EC0-301F-11D3-BF4B-00C04F79EFBC}") = "Mvc", "Mvc\Mvc.csproj", "{41AFA441-83BC-461C-855F-86A91677A7A4}"
EndProject
Project("{FAE04EC0-301F-11D3-BF4B-00C04F79EFBC}") = "Testes", "Testes\Testes.csproj", "{B59836F9-D72F-4BB6-98C1-7B0D98A56251}"
EndProject
Global
	GlobalSection(SolutionConfigurationPlatforms) = preSolution
		Debug|Any CPU = Debug|Any CPU
		Release|Any CPU = Release|Any CPU
	EndGlobalSection
	GlobalSection(ProjectConfigurationPlatforms) = postSolution
		{B5F5B014-327B-4A7C-8B7A-B42A9D056481}.Debug|Any CPU.ActiveCfg = Debug|Any CPU
		{B5F5B014-327B-4A7C-8B7A-B42A9D056481}.Debug|Any CPU.Build.0 = Debug|Any CPU
		{B5F5B014-327B-4A7C-8B7A-B42A9D056481}.Release|Any CPU.ActiveCfg = Release|Any CPU
		{B5F5B014-327B-4A7C-8B7A-B42A9D056481}.Release|Any CPU.Build.0 = Release|Any CPU
		{026021DB-7469-494B-90F7-3E9DD0EF01CB}.Debug|Any CPU.ActiveCfg = Debug|Any CPU
		{026021DB-7469-494B-90F7-3E9DD0EF01CB}.Debug|Any CPU.Build.0 = Debug|Any CPU
		{026021DB-7469-494B-90F7-3E9DD0EF01CB}.Release|Any CPU.ActiveCfg = Release|Any CPU
		{026021DB-7469-494B-90F7-3E9DD0EF01CB}.Release|Any CPU.Build.0 = Release|Any CPU
		{8B8BE180-582A-452C-BD45-CECB724BEFD1}.Debug|Any CPU.ActiveCfg = Debug|Any CPU
		{8B8BE180-582A-452C-BD45-CECB724BEFD1}.Debug|Any CPU.Build.0 = Debug|Any CPU
		{8B8BE180-582A-452C-BD45-CECB724BEFD1}.Release|Any CPU.ActiveCfg = Release|Any CPU
		{8B8BE180-582A-452C-BD45-CECB724BEFD1}.Release|Any CPU.Build.0 = Release|Any CPU
		{3042DCBF-EBCF-4139-A561-26BBD5584FB8}.Debug|Any CPU.ActiveCfg = Debug|Any CPU
		{3042DCBF-EBCF-4139-A561-26BBD5584FB8}.Debug|Any CPU.Build.0 = Debug|Any CPU
		{3042DCBF-EBCF-4139-A561-26BBD5584FB8}.Release|Any CPU.ActiveCfg = Release|Any CPU
		{3042DCBF-EBCF-4139-A561-26BBD5584FB8}.Release|Any CPU.Build.0 = Release|Any CPU
		{DCA6BFAA-7D93-4F67-842B-55693A4EB1D0}.Debug|Any CPU.ActiveCfg = Debug|Any CPU
		{DCA6BFAA-7D93-4F67-842B-55693A4EB1D0}.Debug|Any CPU.Build.0 = Debug|Any CPU
		{DCA6BFAA-7D93-4F67-842B-55693A4EB1D0}.Release|Any CPU.ActiveCfg = Release|Any CPU
		{DCA6BFAA-7D93-4F67-842B-55693A4EB1D0}.Release|Any CPU.Build.0 = Release|Any CPU
		{41AFA441-83BC-461C-855F-86A91677A7A4}.Debug|Any CPU.ActiveCfg = Debug|Any CPU
		{41AFA441-83BC-461C-855F-86A91677A7A4}.Debug|Any CPU.Build.0 = Debug|Any CPU
		{41AFA441-83BC-461C-855F-86A91677A7A4}.Release|Any CPU.ActiveCfg = Release|Any CPU
		{41AFA441-83BC-461C-855F-86A91677A7A4}.Release|Any CPU.Build.0 = Release|Any CPU
		{B59836F9-D72F-4BB6-98C1-7B0D98A56251}.Debug|Any CPU.ActiveCfg = Debug|Any CPU
		{B59836F9-D72F-4BB6-98C1-7B0D98A56251}.Debug|Any CPU.Build.0 = Debug|Any CPU
		{B59836F9-D72F-4BB6-98C1-7B0D98A56251}.Release|Any CPU.ActiveCfg = Release|Any CPU
		{B59836F9-D72F-4BB6-98C1-7B0D98A56251}.Release|Any CPU.Build.0 = Release|Any CPU
	EndGlobalSection
	GlobalSection(SolutionProperties) = preSolution
		HideSolutionNode = FALSE
	EndGlobalSection
EndGlobal
